
Microsoft Visual Studio Solution File, Format Version 12.00
# Visual Studio Version 16
VisualStudioVersion = 16.0.33214.272
MinimumVisualStudioVersion = 10.0.40219.1
Project("{FAE04EC0-301F-11D3-BF4B-00C04F79EFBC}") = "GalleryApp", "GalleryApp\GalleryApp.csproj", "{A2FB3446-FB8C-454B-A5AE-1A6CD84A3A0E}"
EndProject
Global
	GlobalSection(SolutionConfigurationPlatforms) = preSolution
		Debug|ARM = Debug|ARM
		Debug|ARM64 = Debug|ARM64
		Debug|x64 = Debug|x64
		Debug|x86 = Debug|x86
		Release|ARM = Release|ARM
		Release|ARM64 = Release|ARM64
		Release|x64 = Release|x64
		Release|x86 = Release|x86
	EndGlobalSection
	GlobalSection(ProjectConfigurationPlatforms) = postSolution
		{A2FB3446-FB8C-454B-A5AE-1A6CD84A3A0E}.Debug|ARM.ActiveCfg = Debug|ARM
		{A2FB3446-FB8C-454B-A5AE-1A6CD84A3A0E}.Debug|ARM.Build.0 = Debug|ARM
		{A2FB3446-FB8C-454B-A5AE-1A6CD84A3A0E}.Debug|ARM.Deploy.0 = Debug|ARM
		{A2FB3446-FB8C-454B-A5AE-1A6CD84A3A0E}.Debug|ARM64.ActiveCfg = Debug|ARM64
		{A2FB3446-FB8C-454B-A5AE-1A6CD84A3A0E}.Debug|ARM64.Build.0 = Debug|ARM64
		{A2FB3446-FB8C-454B-A5AE-1A6CD84A3A0E}.Debug|ARM64.Deploy.0 = Debug|ARM64
		{A2FB3446-FB8C-454B-A5AE-1A6CD84A3A0E}.Debug|x64.ActiveCfg = Debug|x64
		{A2FB3446-FB8C-454B-A5AE-1A6CD84A3A0E}.Debug|x64.Build.0 = Debug|x64
		{A2FB3446-FB8C-454B-A5AE-1A6CD84A3A0E}.Debug|x64.Deploy.0 = Debug|x64
		{A2FB3446-FB8C-454B-A5AE-1A6CD84A3A0E}.Debug|x86.ActiveCfg = Debug|x86
		{A2FB3446-FB8C-454B-A5AE-1A6CD84A3A0E}.Debug|x86.Build.0 = Debug|x86
		{A2FB3446-FB8C-454B-A5AE-1A6CD84A3A0E}.Debug|x86.Deploy.0 = Debug|x86
		{A2FB3446-FB8C-454B-A5AE-1A6CD84A3A0E}.Release|ARM.ActiveCfg = Release|ARM
		{A2FB3446-FB8C-454B-A5AE-1A6CD84A3A0E}.Release|ARM.Build.0 = Release|ARM
		{A2FB3446-FB8C-454B-A5AE-1A6CD84A3A0E}.Release|ARM.Deploy.0 = Release|ARM
		{A2FB3446-FB8C-454B-A5AE-1A6CD84A3A0E}.Release|ARM64.ActiveCfg = Release|ARM64
		{A2FB3446-FB8C-454B-A5AE-1A6CD84A3A0E}.Release|ARM64.Build.0 = Release|ARM64
		{A2FB3446-FB8C-454B-A5AE-1A6CD84A3A0E}.Release|ARM64.Deploy.0 = Release|ARM64
		{A2FB3446-FB8C-454B-A5AE-1A6CD84A3A0E}.Release|x64.ActiveCfg = Release|x64
		{A2FB3446-FB8C-454B-A5AE-1A6CD84A3A0E}.Release|x64.Build.0 = Release|x64
		{A2FB3446-FB8C-454B-A5AE-1A6CD84A3A0E}.Release|x64.Deploy.0 = Release|x64
		{A2FB3446-FB8C-454B-A5AE-1A6CD84A3A0E}.Release|x86.ActiveCfg = Release|x86
		{A2FB3446-FB8C-454B-A5AE-1A6CD84A3A0E}.Release|x86.Build.0 = Release|x86
		{A2FB3446-FB8C-454B-A5AE-1A6CD84A3A0E}.Release|x86.Deploy.0 = Release|x86
	EndGlobalSection
	GlobalSection(SolutionProperties) = preSolution
		HideSolutionNode = FALSE
	EndGlobalSection
	GlobalSection(ExtensibilityGlobals) = postSolution
		SolutionGuid = {22AF87DC-AE99-48ED-9100-8FEC76BCEDB4}
	EndGlobalSection
EndGlobal
